
Microsoft Visual Studio Solution File, Format Version 12.00
# Visual Studio Version 16
VisualStudioVersion = 16.0.30503.244
MinimumVisualStudioVersion = 10.0.40219.1
Project("{FAE04EC0-301F-11D3-BF4B-00C04F79EFBC}") = "Shop", "Shop\Shop.csproj", "{CF2BF5E3-2B6A-4530-8B86-9AD352632980}"
EndProject
Global
	GlobalSection(SolutionConfigurationPlatforms) = preSolution
		Debug|Any CPU = Debug|Any CPU
		Release|Any CPU = Release|Any CPU
	EndGlobalSection
	GlobalSection(ProjectConfigurationPlatforms) = postSolution
		{CF2BF5E3-2B6A-4530-8B86-9AD352632980}.Debug|Any CPU.ActiveCfg = Debug|Any CPU
		{CF2BF5E3-2B6A-4530-8B86-9AD352632980}.Debug|Any CPU.Build.0 = Debug|Any CPU
		{CF2BF5E3-2B6A-4530-8B86-9AD352632980}.Release|Any CPU.ActiveCfg = Release|Any CPU
		{CF2BF5E3-2B6A-4530-8B86-9AD352632980}.Release|Any CPU.Build.0 = Release|Any CPU
	EndGlobalSection
	GlobalSection(SolutionProperties) = preSolution
		HideSolutionNode = FALSE
	EndGlobalSection
	GlobalSection(ExtensibilityGlobals) = postSolution
		SolutionGuid = {70C34B63-F3A6-4A93-9F01-E46A73518792}
	EndGlobalSection
EndGlobal
